Microsoft Visual Studio Solution File, Format Version 12.00
# Visual Studio Version 17
VisualStudioVersion = 17.5.2.0
MinimumVisualStudioVersion = 10.0.40219.1
Project("{FAE04EC0-301F-11D3-BF4B-00C04F79EFBC}") = "StoneStorySaveEditor", "StoneStorySaveEditor\StoneStorySaveEditor.csproj", "{28A4D561-C7CD-C48D-749D-B85794F4834F}"
EndProject
Global
	GlobalSection(SolutionConfigurationPlatforms) = preSolution
		Debug|Any CPU = Debug|Any CPU
		Release|Any CPU = Release|Any CPU
	EndGlobalSection
	GlobalSection(ProjectConfigurationPlatforms) = postSolution
		{28A4D561-C7CD-C48D-749D-B85794F4834F}.Debug|Any CPU.ActiveCfg = Debug|Any CPU
		{28A4D561-C7CD-C48D-749D-B85794F4834F}.Debug|Any CPU.Build.0 = Debug|Any CPU
		{28A4D561-C7CD-C48D-749D-B85794F4834F}.Release|Any CPU.ActiveCfg = Release|Any CPU
		{28A4D561-C7CD-C48D-749D-B85794F4834F}.Release|Any CPU.Build.0 = Release|Any CPU
	EndGlobalSection
	GlobalSection(SolutionProperties) = preSolution
		HideSolutionNode = FALSE
	EndGlobalSection
	GlobalSection(ExtensibilityGlobals) = postSolution
		SolutionGuid = {3C579D80-420F-4D90-B669-16A4CAFC420F}
	EndGlobalSection
EndGlobal
